# This file is generated by running "yarn install" inside your project.
# Manual changes might be lost - proceed with caution!

__metadata:
  version: 8
  cacheKey: 10c0

"@rejc2/dictionary-data@workspace:.":
  version: 0.0.0-use.local
  resolution: "@rejc2/dictionary-data@workspace:."
  languageName: unknown
  linkType: soft

"@rejc2/moe-character-stroke-data@workspace:packages/moe-character-stroke-data":
  version: 0.0.0-use.local
  resolution: "@rejc2/moe-character-stroke-data@workspace:packages/moe-character-stroke-data"
  languageName: unknown
  linkType: soft
